
Microsoft Visual Studio Solution File, Format Version 12.00
# Visual Studio Version 17
VisualStudioVersion = 17.12.35506.116
MinimumVisualStudioVersion = 10.0.40219.1
Project("{FAE04EC0-301F-11D3-BF4B-00C04F79EFBC}") = "SoftwareTest", "SoftwareTest.csproj", "{93501F5A-AE14-41BE-A21B-5E4679935E71}"
EndProject
Project("{FAE04EC0-301F-11D3-BF4B-00C04F79EFBC}") = "TestProject1", "..\TestProject1\TestProject1.csproj", "{DF1B6088-DC6E-4BC6-AF09-B8E061404C18}"
EndProject
Global
	GlobalSection(SolutionConfigurationPlatforms) = preSolution
		Debug|Any CPU = Debug|Any CPU
		Release|Any CPU = Release|Any CPU
	EndGlobalSection
	GlobalSection(ProjectConfigurationPlatforms) = postSolution
		{93501F5A-AE14-41BE-A21B-5E4679935E71}.Debug|Any CPU.ActiveCfg = Debug|Any CPU
		{93501F5A-AE14-41BE-A21B-5E4679935E71}.Debug|Any CPU.Build.0 = Debug|Any CPU
		{93501F5A-AE14-41BE-A21B-5E4679935E71}.Release|Any CPU.ActiveCfg = Release|Any CPU
		{93501F5A-AE14-41BE-A21B-5E4679935E71}.Release|Any CPU.Build.0 = Release|Any CPU
		{DF1B6088-DC6E-4BC6-AF09-B8E061404C18}.Debug|Any CPU.ActiveCfg = Debug|Any CPU
		{DF1B6088-DC6E-4BC6-AF09-B8E061404C18}.Debug|Any CPU.Build.0 = Debug|Any CPU
		{DF1B6088-DC6E-4BC6-AF09-B8E061404C18}.Release|Any CPU.ActiveCfg = Release|Any CPU
		{DF1B6088-DC6E-4BC6-AF09-B8E061404C18}.Release|Any CPU.Build.0 = Release|Any CPU
	EndGlobalSection
	GlobalSection(SolutionProperties) = preSolution
		HideSolutionNode = FALSE
	EndGlobalSection
EndGlobal
